{
  "version": 4,
  "terraform_version": "1.3.0",
  "serial": 62,
  "lineage": "0fdfdc95-6563-0b9f-34a4-94a8c794a041",
  "outputs": {},
  "resources": [
    {
      "module": "module.vpc",
      "mode": "managed",
      "type": "google_compute_subnetwork",
      "name": "subnetwork",
      "provider": "module.vpc.provider[\"registry.terraform.io/hashicorp/google\"]",
      "instances": [
        {
          "index_key": "asia-south1/private-subnet-01",
          "schema_version": 0,
          "attributes": {
            "creation_timestamp": "2022-10-15T01:15:48.938-07:00",
            "description": "This subnet has a description",
            "external_ipv6_prefix": "",
            "fingerprint": null,
            "gateway_address": "10.10.20.1",
            "id": "projects/robust-form-362412/regions/asia-south1/subnetworks/private-subnet-01",
            "ip_cidr_range": "10.10.20.0/24",
            "ipv6_access_type": "",
            "ipv6_cidr_range": "",
            "log_config": [],
            "name": "private-subnet-01",
            "network": "https://www.googleapis.com/compute/v1/projects/robust-form-362412/global/networks/dev-vpc",
            "private_ip_google_access": true,
            "private_ipv6_google_access": "DISABLE_GOOGLE_ACCESS",
            "project": "robust-form-362412",
            "purpose": "PRIVATE",
            "region": "asia-south1",
            "role": "",
            "secondary_ip_range": [],
            "self_link": "https://www.googleapis.com/compute/v1/projects/robust-form-362412/regions/asia-south1/subnetworks/private-subnet-01",
            "stack_type": "IPV4_ONLY",
            "timeouts": null
          },
          "sensitive_attributes": [],
          "private": "eyJlMmJmYjczMC1lY2FhLTExZTYtOGY4OC0zNDM2M2JjN2M0YzAiOnsiY3JlYXRlIjoxMjAwMDAwMDAwMDAwLCJkZWxldGUiOjEyMDAwMDAwMDAwMDAsInVwZGF0ZSI6MTIwMDAwMDAwMDAwMH19"
        },
        {
          "index_key": "asia-south1/private-subnet-02",
          "schema_version": 0,
          "attributes": {
            "creation_timestamp": "2022-10-15T01:15:49.102-07:00",
            "description": "This subnet has a description",
            "external_ipv6_prefix": "",
            "fingerprint": null,
            "gateway_address": "10.10.30.1",
            "id": "projects/robust-form-362412/regions/asia-south1/subnetworks/private-subnet-02",
            "ip_cidr_range": "10.10.30.0/24",
            "ipv6_access_type": "",
            "ipv6_cidr_range": "",
            "log_config": [],
            "name": "private-subnet-02",
            "network": "https://www.googleapis.com/compute/v1/projects/robust-form-362412/global/networks/dev-vpc",
            "private_ip_google_access": true,
            "private_ipv6_google_access": "DISABLE_GOOGLE_ACCESS",
            "project": "robust-form-362412",
            "purpose": "PRIVATE",
            "region": "asia-south1",
            "role": "",
            "secondary_ip_range": [
              {
                "ip_cidr_range": "10.56.0.0/14",
                "range_name": "private-subnet-02-secondary-01"
              },
              {
                "ip_cidr_range": "10.60.0.0/20",
                "range_name": "private-subnet-02-secondary-02"
              }
            ],
            "self_link": "https://www.googleapis.com/compute/v1/projects/robust-form-362412/regions/asia-south1/subnetworks/private-subnet-02",
            "stack_type": "IPV4_ONLY",
            "timeouts": null
          },
          "sensitive_attributes": [],
          "private": "eyJlMmJmYjczMC1lY2FhLTExZTYtOGY4OC0zNDM2M2JjN2M0YzAiOnsiY3JlYXRlIjoxMjAwMDAwMDAwMDAwLCJkZWxldGUiOjEyMDAwMDAwMDAwMDAsInVwZGF0ZSI6MTIwMDAwMDAwMDAwMH19"
        },
        {
          "index_key": "asia-south1/public-subnet-01",
          "schema_version": 0,
          "attributes": {
            "creation_timestamp": "2022-10-15T01:15:49.021-07:00",
            "description": "",
            "external_ipv6_prefix": "",
            "fingerprint": null,
            "gateway_address": "10.10.10.1",
            "id": "projects/robust-form-362412/regions/asia-south1/subnetworks/public-subnet-01",
            "ip_cidr_range": "10.10.10.0/24",
            "ipv6_access_type": "",
            "ipv6_cidr_range": "",
            "log_config": [],
            "name": "public-subnet-01",
            "network": "https://www.googleapis.com/compute/v1/projects/robust-form-362412/global/networks/dev-vpc",
            "private_ip_google_access": false,
            "private_ipv6_google_access": "DISABLE_GOOGLE_ACCESS",
            "project": "robust-form-362412",
            "purpose": "PRIVATE",
            "region": "asia-south1",
            "role": "",
            "secondary_ip_range": [
              {
                "ip_cidr_range": "10.176.0.0/14",
                "range_name": "subnet-01-secondary-01"
              },
              {
                "ip_cidr_range": "10.180.0.0/20",
                "range_name": "subnet-02-secondary-02"
              }
            ],
            "self_link": "https://www.googleapis.com/compute/v1/projects/robust-form-362412/regions/asia-south1/subnetworks/public-subnet-01",
            "stack_type": "IPV4_ONLY",
            "timeouts": null
          },
          "sensitive_attributes": [],
          "private": "eyJlMmJmYjczMC1lY2FhLTExZTYtOGY4OC0zNDM2M2JjN2M0YzAiOnsiY3JlYXRlIjoxMjAwMDAwMDAwMDAwLCJkZWxldGUiOjEyMDAwMDAwMDAwMDAsInVwZGF0ZSI6MTIwMDAwMDAwMDAwMH19"
        }
      ]
    }
  ],
  "check_results": []
}
